
Microsoft Visual Studio Solution File, Format Version 12.00
# Visual Studio 15
VisualStudioVersion = 15.0.26124.0
MinimumVisualStudioVersion = 15.0.26124.0
Project("{2150E333-8FDC-42A3-9474-1A3956D46DE8}") = "src", "src", "{8C30E684-DBE8-4C2B-81BB-B1B104FD9E50}"
EndProject
Project("{FAE04EC0-301F-11D3-BF4B-00C04F79EFBC}") = "Gradebook", "src\Gradebook\Gradebook.csproj", "{1BAEC326-7FC0-49B6-8772-35A8F841F296}"
EndProject
Project("{2150E333-8FDC-42A3-9474-1A3956D46DE8}") = "test", "test", "{AEADCECC-D9C7-4956-BBB6-F35418DFD244}"
EndProject
Project("{FAE04EC0-301F-11D3-BF4B-00C04F79EFBC}") = "Gradebook.Tests", "test\Gradebook.Tests\Gradebook.Tests.csproj", "{8E16B9DC-85C4-4FBB-83D5-7860BAFF9B7E}"
EndProject
Global
	GlobalSection(SolutionConfigurationPlatforms) = preSolution
		Debug|Any CPU = Debug|Any CPU
		Debug|x64 = Debug|x64
		Debug|x86 = Debug|x86
		Release|Any CPU = Release|Any CPU
		Release|x64 = Release|x64
		Release|x86 = Release|x86
	EndGlobalSection
	GlobalSection(SolutionProperties) = preSolution
		HideSolutionNode = FALSE
	EndGlobalSection
	GlobalSection(ProjectConfigurationPlatforms) = postSolution
		{1BAEC326-7FC0-49B6-8772-35A8F841F296}.Debug|Any CPU.ActiveCfg = Debug|Any CPU
		{1BAEC326-7FC0-49B6-8772-35A8F841F296}.Debug|Any CPU.Build.0 = Debug|Any CPU
		{1BAEC326-7FC0-49B6-8772-35A8F841F296}.Debug|x64.ActiveCfg = Debug|Any CPU
		{1BAEC326-7FC0-49B6-8772-35A8F841F296}.Debug|x64.Build.0 = Debug|Any CPU
		{1BAEC326-7FC0-49B6-8772-35A8F841F296}.Debug|x86.ActiveCfg = Debug|Any CPU
		{1BAEC326-7FC0-49B6-8772-35A8F841F296}.Debug|x86.Build.0 = Debug|Any CPU
		{1BAEC326-7FC0-49B6-8772-35A8F841F296}.Release|Any CPU.ActiveCfg = Release|Any CPU
		{1BAEC326-7FC0-49B6-8772-35A8F841F296}.Release|Any CPU.Build.0 = Release|Any CPU
		{1BAEC326-7FC0-49B6-8772-35A8F841F296}.Release|x64.ActiveCfg = Release|Any CPU
		{1BAEC326-7FC0-49B6-8772-35A8F841F296}.Release|x64.Build.0 = Release|Any CPU
		{1BAEC326-7FC0-49B6-8772-35A8F841F296}.Release|x86.ActiveCfg = Release|Any CPU
		{1BAEC326-7FC0-49B6-8772-35A8F841F296}.Release|x86.Build.0 = Release|Any CPU
		{8E16B9DC-85C4-4FBB-83D5-7860BAFF9B7E}.Debug|Any CPU.ActiveCfg = Debug|Any CPU
		{8E16B9DC-85C4-4FBB-83D5-7860BAFF9B7E}.Debug|Any CPU.Build.0 = Debug|Any CPU
		{8E16B9DC-85C4-4FBB-83D5-7860BAFF9B7E}.Debug|x64.ActiveCfg = Debug|Any CPU
		{8E16B9DC-85C4-4FBB-83D5-7860BAFF9B7E}.Debug|x64.Build.0 = Debug|Any CPU
		{8E16B9DC-85C4-4FBB-83D5-7860BAFF9B7E}.Debug|x86.ActiveCfg = Debug|Any CPU
		{8E16B9DC-85C4-4FBB-83D5-7860BAFF9B7E}.Debug|x86.Build.0 = Debug|Any CPU
		{8E16B9DC-85C4-4FBB-83D5-7860BAFF9B7E}.Release|Any CPU.ActiveCfg = Release|Any CPU
		{8E16B9DC-85C4-4FBB-83D5-7860BAFF9B7E}.Release|Any CPU.Build.0 = Release|Any CPU
		{8E16B9DC-85C4-4FBB-83D5-7860BAFF9B7E}.Release|x64.ActiveCfg = Release|Any CPU
		{8E16B9DC-85C4-4FBB-83D5-7860BAFF9B7E}.Release|x64.Build.0 = Release|Any CPU
		{8E16B9DC-85C4-4FBB-83D5-7860BAFF9B7E}.Release|x86.ActiveCfg = Release|Any CPU
		{8E16B9DC-85C4-4FBB-83D5-7860BAFF9B7E}.Release|x86.Build.0 = Release|Any CPU
	EndGlobalSection
	GlobalSection(NestedProjects) = preSolution
		{1BAEC326-7FC0-49B6-8772-35A8F841F296} = {8C30E684-DBE8-4C2B-81BB-B1B104FD9E50}
		{8E16B9DC-85C4-4FBB-83D5-7860BAFF9B7E} = {AEADCECC-D9C7-4956-BBB6-F35418DFD244}
	EndGlobalSection
EndGlobal
